
Microsoft Visual Studio Solution File, Format Version 12.00
# Visual Studio Version 17
VisualStudioVersion = 17.6.33829.357
MinimumVisualStudioVersion = 10.0.40219.1
Project("{8BC9CEB8-8B4A-11D0-8D11-00A0C91BC942}") = "QuickDeploy", "QuickDeploy.vcxproj", "{3BC61CE8-A062-4FA0-AB6A-E17EC8AF614B}"
EndProject
Global
	GlobalSection(SolutionConfigurationPlatforms) = preSolution
		Debug|x64 = Debug|x64
		Debug|x86 = Debug|x86
		Release|x64 = Release|x64
		Release|x86 = Release|x86
	EndGlobalSection
	GlobalSection(ProjectConfigurationPlatforms) = postSolution
		{3BC61CE8-A062-4FA0-AB6A-E17EC8AF614B}.Debug|x64.ActiveCfg = Debug|x64
		{3BC61CE8-A062-4FA0-AB6A-E17EC8AF614B}.Debug|x64.Build.0 = Debug|x64
		{3BC61CE8-A062-4FA0-AB6A-E17EC8AF614B}.Debug|x86.ActiveCfg = Debug|Win32
		{3BC61CE8-A062-4FA0-AB6A-E17EC8AF614B}.Debug|x86.Build.0 = Debug|Win32
		{3BC61CE8-A062-4FA0-AB6A-E17EC8AF614B}.Release|x64.ActiveCfg = Release|x64
		{3BC61CE8-A062-4FA0-AB6A-E17EC8AF614B}.Release|x64.Build.0 = Release|x64
		{3BC61CE8-A062-4FA0-AB6A-E17EC8AF614B}.Release|x86.ActiveCfg = Release|Win32
		{3BC61CE8-A062-4FA0-AB6A-E17EC8AF614B}.Release|x86.Build.0 = Release|Win32
	EndGlobalSection
	GlobalSection(SolutionProperties) = preSolution
		HideSolutionNode = FALSE
	EndGlobalSection
	GlobalSection(ExtensibilityGlobals) = postSolution
		SolutionGuid = {BB0FCF86-69EE-4824-9212-EF12F5E0FB2A}
	EndGlobalSection
EndGlobal
